// !$*UTF8*$!
{
	archiveVersion = 1;
	classes = {
	};
	objectVersion = 48;
	objects = {

/* Begin PBXBuildFile section */
		F9567EFB1FBE0E4D0069D7DF /* AppDelegate.swift in Sources */ = {isa = PBXBuildFile; fileRef = F9567EFA1FBE0E4D0069D7DF /* AppDelegate.swift */; };
		F9567EFD1FBE0E4D0069D7DF /* ViewController.swift in Sources */ = {isa = PBXBuildFile; fileRef = F9567EFC1FBE0E4D0069D7DF /* ViewController.swift */; };
		F9567F001FBE0E4D0069D7DF /* Main.storyboard in Resources */ = {isa = PBXBuildFile; fileRef = F9567EFE1FBE0E4D0069D7DF /* Main.storyboard */; };
		F9567F021FBE0E4D0069D7DF /* Assets.xcassets in Resources */ = {isa = PBXBuildFile; fileRef = F9567F011FBE0E4D0069D7DF /* Assets.xcassets */; };
		F9567F051FBE0E4D0069D7DF /* LaunchScreen.storyboard in Resources */ = {isa = PBXBuildFile; fileRef = F9567F031FBE0E4D0069D7DF /* LaunchScreen.storyboard */; };
/* End PBXBuildFile section */

/* Begin PBXFileReference section */
		F9567EF71FBE0E4D0069D7DF /* sectionCell.app */ = {isa = PBXFileReference; explicitFileType = wrapper.application; includeInIndex = 0; path = sectionCell.app; sourceTree = BUILT_PRODUCTS_DIR; };
		F9567EFA1FBE0E4D0069D7DF /* AppDelegate.swift */ = {isa = PBXFileReference; lastKnownFileType = sourcecode.swift; path = AppDelegate.swift; sourceTree = "<group>"; };
		F9567EFC1FBE0E4D0069D7DF /* ViewController.swift */ = {isa = PBXFileReference; lastKnownFileType = sourcecode.swift; path = ViewController.swift; sourceTree = "<group>"; };
		F9567EFF1FBE0E4D0069D7DF /* Base */ = {isa = PBXFileReference; lastKnownFileType = file.storyboard; name = Base; path = Base.lproj/Main.storyboard; sourceTree = "<group>"; };
		F9567F011FBE0E4D0069D7DF /* Assets.xcassets */ = {isa = PBXFileReference; lastKnownFileType = folder.assetcatalog; path = Assets.xcassets; sourceTree = "<group>"; };
		F9567F041FBE0E4D0069D7DF /* Base */ = {isa = PBXFileReference; lastKnownFileType = file.storyboard; name = Base; path = Base.lproj/LaunchScreen.storyboard; sourceTree = "<group>"; };
		F9567F061FBE0E4D0069D7DF /* Info.plist */ = {isa = PBXFileReference; lastKnownFileType = text.plist.xml; path = Info.plist; sourceTree = "<group>"; };
/* End PBXFileReference section */

/* Begin PBXFrameworksBuildPhase section */
		F9567EF41FBE0E4D0069D7DF /* Frameworks */ = {
			isa = PBXFrameworksBuildPhase;
			buildActionMask = 2147483647;
			files = (
			);
			runOnlyForDeploymentPostprocessing = 0;
		};
/* End PBXFrameworksBuildPhase section */

/* Begin PBXGroup section */
		F9567EEE1FBE0E4D0069D7DF = {
			isa = PBXGroup;
			children = (
				F9567EF91FBE0E4D0069D7DF /* sectionCell */,
				F9567EF81FBE0E4D0069D7DF /* Products */,
			);
			sourceTree = "<group>";
		};
		F9567EF81FBE0E4D0069D7DF /* Products */ = {
			isa = PBXGroup;
			children = (
				F9567EF71FBE0E4D0069D7DF /* sectionCell.app */,
			);
			name = Products;
			sourceTree = "<group>";
		};
		F9567EF91FBE0E4D0069D7DF /* sectionCell */ = {
			isa = PBXGroup;
			children = (
				F9567EFA1FBE0E4D0069D7DF /* AppDelegate.swift */,
				F9567EFC1FBE0E4D0069D7DF /* ViewController.swift */,
				F9567EFE1FBE0E4D0069D7DF /* Main.storyboard */,
				F9567F011FBE0E4D0069D7DF /* Assets.xcassets */,
				F9567F031FBE0E4D0069D7DF /* LaunchScreen.storyboard */,
				F9567F061FBE0E4D0069D7DF /* Info.plist */,
			);
			path = sectionCell;
			sourceTree = "<group>";
		};
/* End PBXGroup section */

/* Begin PBXNativeTarget section */
		F9567EF61FBE0E4D0069D7DF /* sectionCell */ = {
			isa = PBXNativeTarget;
			buildConfigurationList = F9567F091FBE0E4D0069D7DF /* Build configuration list for PBXNativeTarget "sectionCell" */;
			buildPhases = (
				F9567EF31FBE0E4D0069D7DF /* Sources */,
				F9567EF41FBE0E4D0069D7DF /* Frameworks */,
				F9567EF51FBE0E4D0069D7DF /* Resources */,
			);
			buildRules = (
			);
			dependencies = (
			);
			name = sectionCell;
			productName = sectionCell;
			productReference = F9567EF71FBE0E4D0069D7DF /* sectionCell.app */;
			productType = "com.apple.product-type.application";
		};
/* End PBXNativeTarget section */

/* Begin PBXProject section */
		F9567EEF1FBE0E4D0069D7DF /* Project object */ = {
			isa = PBXProject;
			attributes = {
				LastSwiftUpdateCheck = 0900;
				LastUpgradeCheck = 0900;
				ORGANIZATIONNAME = "Sky Xu";
				TargetAttributes = {
					F9567EF61FBE0E4D0069D7DF = {
						CreatedOnToolsVersion = 9.0;
						ProvisioningStyle = Automatic;
					};
				};
			};
			buildConfigurationList = F9567EF21FBE0E4D0069D7DF /* Build configuration list for PBXProject "sectionCell" */;
			compatibilityVersion = "Xcode 8.0";
			developmentRegion = en;
			hasScannedForEncodings = 0;
			knownRegions = (
				en,
				Base,
			);
			mainGroup = F9567EEE1FBE0E4D0069D7DF;
			productRefGroup = F9567EF81FBE0E4D0069D7DF /* Products */;
			projectDirPath = "";
			projectRoot = "";
			targets = (
				F9567EF61FBE0E4D0069D7DF /* sectionCell */,
			);
		};
/* End PBXProject section */

/* Begin PBXResourcesBuildPhase section */
		F9567EF51FBE0E4D0069D7DF /* Resources */ = {
			isa = PBXResourcesBuildPhase;
			buildActionMask = 2147483647;
			files = (
				F9567F051FBE0E4D0069D7DF /* LaunchScreen.storyboard in Resources */,
				F9567F021FBE0E4D0069D7DF /* Assets.xcassets in Resources */,
				F9567F001FBE0E4D0069D7DF /* Main.storyboard in Resources */,
			);
			runOnlyForDeploymentPostprocessing = 0;
		};
/* End PBXResourcesBuildPhase section */

/* Begin PBXSourcesBuildPhase section */
		F9567EF31FBE0E4D0069D7DF /* Sources */ = {
			isa = PBXSourcesBuildPhase;
			buildActionMask = 2147483647;
			files = (
				F9567EFD1FBE0E4D0069D7DF /* ViewController.swift in Sources */,
				F9567EFB1FBE0E4D0069D7DF /* AppDelegate.swift in Sources */,
			);
			runOnlyForDeploymentPostprocessing = 0;
		};
/* End PBXSourcesBuildPhase section */

/* Begin PBXVariantGroup section */
		F9567EFE1FBE0E4D0069D7DF /* Main.storyboard */ = {
			isa = PBXVariantGroup;
			children = (
				F9567EFF1FBE0E4D0069D7DF /* Base */,
			);
			name = Main.storyboard;
			sourceTree = "<group>";
		};
		F9567F031FBE0E4D0069D7DF /* LaunchScreen.storyboard */ = {
			isa = PBXVariantGroup;
			children = (
				F9567F041FBE0E4D0069D7DF /* Base */,
			);
			name = LaunchScreen.storyboard;
			sourceTree = "<group>";
		};
/* End PBXVariantGroup section */

/* Begin XCBuildConfiguration section */
		F9567F071FBE0E4D0069D7DF /* Debug */ = {
			isa = XCBuildConfiguration;
			buildSettings = {
				ALWAYS_SEARCH_USER_PATHS = NO;
				CLANG_ANALYZER_NONNULL = YES;
				CLANG_ANALYZER_NUMBER_OBJECT_CONVERSION = YES_AGGRESSIVE;
				CLANG_CXX_LANGUAGE_STANDARD = "gnu++14";
				CLANG_CXX_LIBRARY = "libc++";
				CLANG_ENABLE_MODULES = YES;
				CLANG_ENABLE_OBJC_ARC = YES;
				CLANG_WARN_BLOCK_CAPTURE_AUTORELEASING = YES;
				CLANG_WARN_BOOL_CONVERSION = YES;
				CLANG_WARN_COMMA = YES;
				CLANG_WARN_CONSTANT_CONVERSION = YES;
				CLANG_WARN_DIRECT_OBJC_ISA_USAGE = YES_ERROR;
				CLANG_WARN_DOCUMENTATION_COMMENTS = YES;
				CLANG_WARN_EMPTY_BODY = YES;
				CLANG_WARN_ENUM_CONVERSION = YES;
				CLANG_WARN_INFINITE_RECURSION = YES;
				CLANG_WARN_INT_CONVERSION = YES;
				CLANG_WARN_NON_LITERAL_NULL_CONVERSION = YES;
				CLANG_WARN_OBJC_LITERAL_CONVERSION = YES;
				CLANG_WARN_OBJC_ROOT_CLASS = YES_ERROR;
				CLANG_WARN_RANGE_LOOP_ANALYSIS = YES;
				CLANG_WARN_STRICT_PROTOTYPES = YES;
				CLANG_WARN_SUSPICIOUS_MOVE = YES;
				CLANG_WARN_UNGUARDED_AVAILABILITY = YES_AGGRESSIVE;
				CLANG_WARN_UNREACHABLE_CODE = YES;
				CLANG_WARN__DUPLICATE_METHOD_MATCH = YES;
				CODE_SIGN_IDENTITY = "iPhone Developer";
				COPY_PHASE_STRIP = NO;
				DEBUG_INFORMATION_FORMAT = dwarf;
				ENABLE_STRICT_OBJC_MSGSEND = YES;
				ENABLE_TESTABILITY = YES;
				GCC_C_LANGUAGE_STANDARD = gnu11;
				GCC_DYNAMIC_NO_PIC = NO;
				GCC_NO_COMMON_BLOCKS = YES;
				GCC_OPTIMIZATION_LEVEL = 0;
				GCC_PREPROCESSOR_DEFINITIONS = (
					"DEBUG=1",
					"$(inherited)",
				);
				GCC_WARN_64_TO_32_BIT_CONVERSION = YES;
				GCC_WARN_ABOUT_RETURN_TYPE = YES_ERROR;
				GCC_WARN_UNDECLARED_SELECTOR = YES;
				GCC_WARN_UNINITIALIZED_AUTOS = YES_AGGRESSIVE;
				GCC_WARN_UNUSED_FUNCTION = YES;
				GCC_WARN_UNUSED_VARIABLE = YES;
				IPHONEOS_DEPLOYMENT_TARGET = 11.0;
				MTL_ENABLE_DEBUG_INFO = YES;
				ONLY_ACTIVE_ARCH = YES;
				SDKROOT = iphoneos;
				SWIFT_ACTIVE_COMPILATION_CONDITIONS = DEBUG;
				SWIFT_OPTIMIZATION_LEVEL = "-Onone";
			};
			name = Debug;
		};
		F9567F081FBE0E4D0069D7DF /* Release */ = {
			isa = XCBuildConfiguration;
			buildSettings = {
				ALWAYS_SEARCH_USER_PATHS = NO;
				CLANG_ANALYZER_NONNULL = YES;
				CLANG_ANALYZER_NUMBER_OBJECT_CONVERSION = YES_AGGRESSIVE;
				CLANG_CXX_LANGUAGE_STANDARD = "gnu++14";
				CLANG_CXX_LIBRARY = "libc++";
				CLANG_ENABLE_MODULES = YES;
				CLANG_ENABLE_OBJC_ARC = YES;
				CLANG_WARN_BLOCK_CAPTURE_AUTORELEASING = YES;
				CLANG_WARN_BOOL_CONVERSION = YES;
				CLANG_WARN_COMMA = YES;
				CLANG_WARN_CONSTANT_CONVERSION = YES;
				CLANG_WARN_DIRECT_OBJC_ISA_USAGE = YES_ERROR;
				CLANG_WARN_DOCUMENTATION_COMMENTS = YES;
				CLANG_WARN_EMPTY_BODY = YES;
				CLANG_WARN_ENUM_CONVERSION = YES;
				CLANG_WARN_INFINITE_RECURSION = YES;
				CLANG_WARN_INT_CONVERSION = YES;
				CLANG_WARN_NON_LITERAL_NULL_CONVERSION = YES;
				CLANG_WARN_OBJC_LITERAL_CONVERSION = YES;
				CLANG_WARN_OBJC_ROOT_CLASS = YES_ERROR;
				CLANG_WARN_RANGE_LOOP_ANALYSIS = YES;
				CLANG_WARN_STRICT_PROTOTYPES = YES;
				CLANG_WARN_SUSPICIOUS_MOVE = YES;
				CLANG_WARN_UNGUARDED_AVAILABILITY = YES_AGGRESSIVE;
				CLANG_WARN_UNREACHABLE_CODE = YES;
				CLANG_WARN__DUPLICATE_METHOD_MATCH = YES;
				CODE_SIGN_IDENTITY = "iPhone Developer";
				COPY_PHASE_STRIP = NO;
				DEBUG_INFORMATION_FORMAT = "dwarf-with-dsym";
				ENABLE_NS_ASSERTIONS = NO;
				ENABLE_STRICT_OBJC_MSGSEND = YES;
				GCC_C_LANGUAGE_STANDARD = gnu11;
				GCC_NO_COMMON_BLOCKS = YES;
				GCC_WARN_64_TO_32_BIT_CONVERSION = YES;
				GCC_WARN_ABOUT_RETURN_TYPE = YES_ERROR;
				GCC_WARN_UNDECLARED_SELECTOR = YES;
				GCC_WARN_UNINITIALIZED_AUTOS = YES_AGGRESSIVE;
				GCC_WARN_UNUSED_FUNCTION = YES;
				GCC_WARN_UNUSED_VARIABLE = YES;
				IPHONEOS_DEPLOYMENT_TARGET = 11.0;
				MTL_ENABLE_DEBUG_INFO = NO;
				SDKROOT = iphoneos;
				SWIFT_OPTIMIZATION_LEVEL = "-Owholemodule";
				VALIDATE_PRODUCT = YES;
			};
			name = Release;
		};
		F9567F0A1FBE0E4D0069D7DF /* Debug */ = {
			isa = XCBuildConfiguration;
			buildSettings = {
				ASSETCATALOG_COMPILER_APPICON_NAME = AppIcon;
				CODE_SIGN_STYLE = Automatic;
				DEVELOPMENT_TEAM = 2CL75PM5U8;
				INFOPLIST_FILE = sectionCell/Info.plist;
				LD_RUNPATH_SEARCH_PATHS = "$(inherited) @executable_path/Frameworks";
				PRODUCT_BUNDLE_IDENTIFIER = com.sky.sectionCell;
				PRODUCT_NAME = "$(TARGET_NAME)";
				SWIFT_VERSION = 4.0;
				TARGETED_DEVICE_FAMILY = "1,2";
			};
			name = Debug;
		};
		F9567F0B1FBE0E4D0069D7DF /* Release */ = {
			isa = XCBuildConfiguration;
			buildSettings = {
				ASSETCATALOG_COMPILER_APPICON_NAME = AppIcon;
				CODE_SIGN_STYLE = Automatic;
				DEVELOPMENT_TEAM = 2CL75PM5U8;
				INFOPLIST_FILE = sectionCell/Info.plist;
				LD_RUNPATH_SEARCH_PATHS = "$(inherited) @executable_path/Frameworks";
				PRODUCT_BUNDLE_IDENTIFIER = com.sky.sectionCell;
				PRODUCT_NAME = "$(TARGET_NAME)";
				SWIFT_VERSION = 4.0;
				TARGETED_DEVICE_FAMILY = "1,2";
			};
			name = Release;
		};
/* End XCBuildConfiguration section */

/* Begin XCConfigurationList section */
		F9567EF21FBE0E4D0069D7DF /* Build configuration list for PBXProject "sectionCell" */ = {
			isa = XCConfigurationList;
			buildConfigurations = (
				F9567F071FBE0E4D0069D7DF /* Debug */,
				F9567F081FBE0E4D0069D7DF /* Release */,
			);
			defaultConfigurationIsVisible = 0;
			defaultConfigurationName = Release;
		};
		F9567F091FBE0E4D0069D7DF /* Build configuration list for PBXNativeTarget "sectionCell" */ = {
			isa = XCConfigurationList;
			buildConfigurations = (
				F9567F0A1FBE0E4D0069D7DF /* Debug */,
				F9567F0B1FBE0E4D0069D7DF /* Release */,
			);
			defaultConfigurationIsVisible = 0;
			defaultConfigurationName = Release;
		};
/* End XCConfigurationList section */
	};
	rootObject = F9567EEF1FBE0E4D0069D7DF /* Project object */;
}
